
Microsoft Visual Studio Solution File, Format Version 12.00
Project("{FAE04EC0-301F-11D3-BF4B-00C04F79EFBC}") = "DemoApp", "DemoApp.csproj", "{75A7E551-DBD1-4359-BB2D-A80696487FBD}"
EndProject
Global
	GlobalSection(SolutionConfigurationPlatforms) = preSolution
		Debug|Any CPU = Debug|Any CPU
		Release|Any CPU = Release|Any CPU
	EndGlobalSection
	GlobalSection(ProjectConfigurationPlatforms) = postSolution
		{75A7E551-DBD1-4359-BB2D-A80696487FBD}.Debug|Any CPU.ActiveCfg = Debug|Any CPU
		{75A7E551-DBD1-4359-BB2D-A80696487FBD}.Debug|Any CPU.Build.0 = Debug|Any CPU
		{75A7E551-DBD1-4359-BB2D-A80696487FBD}.Release|Any CPU.ActiveCfg = Release|Any CPU
		{75A7E551-DBD1-4359-BB2D-A80696487FBD}.Release|Any CPU.Build.0 = Release|Any CPU
	EndGlobalSection
EndGlobal
